PODS:
  - MaterialComponents/AnimationTiming (109.3.1)
  - MaterialComponents/Availability (109.3.1)
  - MaterialComponents/BottomNavigation (109.3.1):
    - MaterialComponents/Availability
    - MaterialComponents/Elevation
    - MaterialComponents/Ink
    - MaterialComponents/Palettes
    - MaterialComponents/private/Math
    - MaterialComponents/Ripple
    - MaterialComponents/ShadowElevations
    - MaterialComponents/ShadowLayer
    - MaterialComponents/Typography
    - MDFInternationalization
  - MaterialComponents/Elevation (109.3.1):
    - MaterialComponents/Availability
    - MaterialComponents/private/Color
    - MaterialComponents/private/Math
  - MaterialComponents/Ink (109.3.1):
    - MaterialComponents/Availability
    - MaterialComponents/private/Color
    - MaterialComponents/private/Math
  - MaterialComponents/Palettes (109.3.1)
  - MaterialComponents/private/Application (109.3.1)
  - MaterialComponents/private/Color (109.3.1):
    - MaterialComponents/Availability
  - MaterialComponents/private/Math (109.3.1)
  - MaterialComponents/Ripple (109.3.1):
    - MaterialComponents/AnimationTiming
    - MaterialComponents/Availability
    - MaterialComponents/private/Color
    - MaterialComponents/private/Math
  - MaterialComponents/ShadowElevations (109.3.1)
  - MaterialComponents/ShadowLayer (109.3.1):
    - MaterialComponents/ShadowElevations
  - MaterialComponents/Typography (109.3.1):
    - MaterialComponents/private/Application
    - MaterialComponents/private/Math
  - MDFInternationalization (2.0.0)
  - SnapSDK/SCSDKCreativeKit (1.4.0)

DEPENDENCIES:
  - MaterialComponents/BottomNavigation
  - SnapSDK/SCSDKCreativeKit (= 1.4.0)

SPEC REPOS:
  trunk:
    - MaterialComponents
    - MDFInternationalization
    - SnapSDK

SPEC CHECKSUMS:
  MaterialComponents: 7675cd4b1c9f660b63cddeb725b2de853790402b
  MDFInternationalization: 010097556d6b09d2c4ea38e0820ea6d37be6a314
  SnapSDK: 222857226700e1373a186da658c619a79dfa40c8

PODFILE CHECKSUM: 86b5bcc3c18e80baff969c854c2f9ce9b1f7e299

COCOAPODS: 1.9.1
