// !$*UTF8*$!
{
	archiveVersion = 1;
	classes = {
	};
	objectVersion = 51;
	objects = {

/* Begin PBXBuildFile section */
		83BE4CF823C675930028AEC4 /* AppDelegate.swift in Sources */ = {isa = PBXBuildFile; fileRef = 83BE4CF723C675930028AEC4 /* AppDelegate.swift */; };
		83BE4CFA23C675930028AEC4 /* SceneDelegate.swift in Sources */ = {isa = PBXBuildFile; fileRef = 83BE4CF923C675930028AEC4 /* SceneDelegate.swift */; };
		83BE4CFC23C675930028AEC4 /* ViewController.swift in Sources */ = {isa = PBXBuildFile; fileRef = 83BE4CFB23C675930028AEC4 /* ViewController.swift */; };
		83BE4CFF23C675930028AEC4 /* Main.storyboard in Resources */ = {isa = PBXBuildFile; fileRef = 83BE4CFD23C675930028AEC4 /* Main.storyboard */; };
		83BE4D0123C675940028AEC4 /* Assets.xcassets in Resources */ = {isa = PBXBuildFile; fileRef = 83BE4D0023C675940028AEC4 /* Assets.xcassets */; };
		83BE4D0423C675940028AEC4 /* LaunchScreen.storyboard in Resources */ = {isa = PBXBuildFile; fileRef = 83BE4D0223C675940028AEC4 /* LaunchScreen.storyboard */; };
		8640F55A23C6907400D29F80 /* Post.swift in Sources */ = {isa = PBXBuildFile; fileRef = 8640F55923C6907400D29F80 /* Post.swift */; };
		8640F55C23C695DB00D29F80 /* Constants.swift in Sources */ = {isa = PBXBuildFile; fileRef = 8640F55B23C695DB00D29F80 /* Constants.swift */; };
		8640F56323C69C8A00D29F80 /* PostTableViewCell.swift in Sources */ = {isa = PBXBuildFile; fileRef = 8640F56123C69C8A00D29F80 /* PostTableViewCell.swift */; };
		8640F56423C69C8A00D29F80 /* PostTableViewCell.xib in Resources */ = {isa = PBXBuildFile; fileRef = 8640F56223C69C8A00D29F80 /* PostTableViewCell.xib */; };
		8640F56623C7FB1900D29F80 /* GoogleService-Info.plist in Resources */ = {isa = PBXBuildFile; fileRef = 8640F56523C7FB1900D29F80 /* GoogleService-Info.plist */; };
		8640F56923C8014B00D29F80 /* Comment.swift in Sources */ = {isa = PBXBuildFile; fileRef = 8640F56823C8014B00D29F80 /* Comment.swift */; };
		8640F56B23C801BF00D29F80 /* User.swift in Sources */ = {isa = PBXBuildFile; fileRef = 8640F56A23C801BF00D29F80 /* User.swift */; };
		8640F56F23CD6A8F00D29F80 /* NewPostViewController.swift in Sources */ = {isa = PBXBuildFile; fileRef = 8640F56E23CD6A8F00D29F80 /* NewPostViewController.swift */; };
		BED655D97CAB61AF75889E36 /* Pods_Grapevine.framework in Frameworks */ = {isa = PBXBuildFile; fileRef = 3E8464076896B5B8536D700C /* Pods_Grapevine.framework */; };
/* End PBXBuildFile section */

/* Begin PBXFileReference section */
		3E8464076896B5B8536D700C /* Pods_Grapevine.framework */ = {isa = PBXFileReference; explicitFileType = wrapper.framework; includeInIndex = 0; path = Pods_Grapevine.framework; sourceTree = BUILT_PRODUCTS_DIR; };
		5E9B5D6A5AF097709D744802 /* Pods-Grapevine.debug.xcconfig */ = {isa = PBXFileReference; includeInIndex = 1; lastKnownFileType = text.xcconfig; name = "Pods-Grapevine.debug.xcconfig"; path = "Target Support Files/Pods-Grapevine/Pods-Grapevine.debug.xcconfig"; sourceTree = "<group>"; };
		83BE4CF423C675930028AEC4 /* Grapevine.app */ = {isa = PBXFileReference; explicitFileType = wrapper.application; includeInIndex = 0; path = Grapevine.app; sourceTree = BUILT_PRODUCTS_DIR; };
		83BE4CF723C675930028AEC4 /* AppDelegate.swift */ = {isa = PBXFileReference; lastKnownFileType = sourcecode.swift; path = AppDelegate.swift; sourceTree = "<group>"; };
		83BE4CF923C675930028AEC4 /* SceneDelegate.swift */ = {isa = PBXFileReference; lastKnownFileType = sourcecode.swift; path = SceneDelegate.swift; sourceTree = "<group>"; };
		83BE4CFB23C675930028AEC4 /* ViewController.swift */ = {isa = PBXFileReference; lastKnownFileType = sourcecode.swift; path = ViewController.swift; sourceTree = "<group>"; };
		83BE4CFE23C675930028AEC4 /* Base */ = {isa = PBXFileReference; lastKnownFileType = file.storyboard; name = Base; path = Base.lproj/Main.storyboard; sourceTree = "<group>"; };
		83BE4D0023C675940028AEC4 /* Assets.xcassets */ = {isa = PBXFileReference; lastKnownFileType = folder.assetcatalog; path = Assets.xcassets; sourceTree = "<group>"; };
		83BE4D0323C675940028AEC4 /* Base */ = {isa = PBXFileReference; lastKnownFileType = file.storyboard; name = Base; path = Base.lproj/LaunchScreen.storyboard; sourceTree = "<group>"; };
		83BE4D0523C675940028AEC4 /* Info.plist */ = {isa = PBXFileReference; lastKnownFileType = text.plist.xml; path = Info.plist; sourceTree = "<group>"; };
		8640F55923C6907400D29F80 /* Post.swift */ = {isa = PBXFileReference; lastKnownFileType = sourcecode.swift; path = Post.swift; sourceTree = "<group>"; };
		8640F55B23C695DB00D29F80 /* Constants.swift */ = {isa = PBXFileReference; lastKnownFileType = sourcecode.swift; path = Constants.swift; sourceTree = "<group>"; };
		8640F56123C69C8A00D29F80 /* PostTableViewCell.swift */ = {isa = PBXFileReference; lastKnownFileType = sourcecode.swift; path = PostTableViewCell.swift; sourceTree = "<group>"; };
		8640F56223C69C8A00D29F80 /* PostTableViewCell.xib */ = {isa = PBXFileReference; lastKnownFileType = file.xib; path = PostTableViewCell.xib; sourceTree = "<group>"; };
		8640F56523C7FB1900D29F80 /* GoogleService-Info.plist */ = {isa = PBXFileReference; lastKnownFileType = text.plist; path = "GoogleService-Info.plist"; sourceTree = SOURCE_ROOT; };
		8640F56823C8014B00D29F80 /* Comment.swift */ = {isa = PBXFileReference; lastKnownFileType = sourcecode.swift; path = Comment.swift; sourceTree = "<group>"; };
		8640F56A23C801BF00D29F80 /* User.swift */ = {isa = PBXFileReference; lastKnownFileType = sourcecode.swift; path = User.swift; sourceTree = "<group>"; };
		8640F56E23CD6A8F00D29F80 /* NewPostViewController.swift */ = {isa = PBXFileReference; lastKnownFileType = sourcecode.swift; path = NewPostViewController.swift; sourceTree = "<group>"; };
		A751E2D35BA2EA99A03B3679 /* Pods-Grapevine.release.xcconfig */ = {isa = PBXFileReference; includeInIndex = 1; lastKnownFileType = text.xcconfig; name = "Pods-Grapevine.release.xcconfig"; path = "Target Support Files/Pods-Grapevine/Pods-Grapevine.release.xcconfig"; sourceTree = "<group>"; };
/* End PBXFileReference section */

/* Begin PBXFrameworksBuildPhase section */
		83BE4CF123C675930028AEC4 /* Frameworks */ = {
			isa = PBXFrameworksBuildPhase;
			buildActionMask = 2147483647;
			files = (
				BED655D97CAB61AF75889E36 /* Pods_Grapevine.framework in Frameworks */,
			);
			runOnlyForDeploymentPostprocessing = 0;
		};
/* End PBXFrameworksBuildPhase section */

/* Begin PBXGroup section */
		83BE4CEB23C675930028AEC4 = {
			isa = PBXGroup;
			children = (
				83BE4CF623C675930028AEC4 /* Grapevine */,
				83BE4CF523C675930028AEC4 /* Products */,
				C53B1651A8A7EEB06EC6AAB2 /* Pods */,
				DDE3C493465FA2C5CD6A08D9 /* Frameworks */,
			);
			sourceTree = "<group>";
		};
		83BE4CF523C675930028AEC4 /* Products */ = {
			isa = PBXGroup;
			children = (
				83BE4CF423C675930028AEC4 /* Grapevine.app */,
			);
			name = Products;
			sourceTree = "<group>";
		};
		83BE4CF623C675930028AEC4 /* Grapevine */ = {
			isa = PBXGroup;
			children = (
				8640F56523C7FB1900D29F80 /* GoogleService-Info.plist */,
				8640F55823C68FC300D29F80 /* Model */,
				8640F55723C68FC000D29F80 /* View */,
				8640F55623C68FBC00D29F80 /* Controller */,
				83BE4CF723C675930028AEC4 /* AppDelegate.swift */,
				83BE4CF923C675930028AEC4 /* SceneDelegate.swift */,
				83BE4D0023C675940028AEC4 /* Assets.xcassets */,
				83BE4D0523C675940028AEC4 /* Info.plist */,
				8640F55B23C695DB00D29F80 /* Constants.swift */,
			);
			path = Grapevine;
			sourceTree = "<group>";
		};
		8640F55623C68FBC00D29F80 /* Controller */ = {
			isa = PBXGroup;
			children = (
				83BE4CFB23C675930028AEC4 /* ViewController.swift */,
				8640F56E23CD6A8F00D29F80 /* NewPostViewController.swift */,
			);
			path = Controller;
			sourceTree = "<group>";
		};
		8640F55723C68FC000D29F80 /* View */ = {
			isa = PBXGroup;
			children = (
				83BE4CFD23C675930028AEC4 /* Main.storyboard */,
				83BE4D0223C675940028AEC4 /* LaunchScreen.storyboard */,
				8640F56123C69C8A00D29F80 /* PostTableViewCell.swift */,
				8640F56223C69C8A00D29F80 /* PostTableViewCell.xib */,
			);
			path = View;
			sourceTree = "<group>";
		};
		8640F55823C68FC300D29F80 /* Model */ = {
			isa = PBXGroup;
			children = (
				8640F55923C6907400D29F80 /* Post.swift */,
				8640F56823C8014B00D29F80 /* Comment.swift */,
				8640F56A23C801BF00D29F80 /* User.swift */,
			);
			path = Model;
			sourceTree = "<group>";
		};
		C53B1651A8A7EEB06EC6AAB2 /* Pods */ = {
			isa = PBXGroup;
			children = (
				5E9B5D6A5AF097709D744802 /* Pods-Grapevine.debug.xcconfig */,
				A751E2D35BA2EA99A03B3679 /* Pods-Grapevine.release.xcconfig */,
			);
			path = Pods;
			sourceTree = "<group>";
		};
		DDE3C493465FA2C5CD6A08D9 /* Frameworks */ = {
			isa = PBXGroup;
			children = (
				3E8464076896B5B8536D700C /* Pods_Grapevine.framework */,
			);
			name = Frameworks;
			sourceTree = "<group>";
		};
/* End PBXGroup section */

/* Begin PBXNativeTarget section */
		83BE4CF323C675930028AEC4 /* Grapevine */ = {
			isa = PBXNativeTarget;
			buildConfigurationList = 83BE4D0823C675940028AEC4 /* Build configuration list for PBXNativeTarget "Grapevine" */;
			buildPhases = (
				7722A339A51F2DE32B3B5252 /* [CP] Check Pods Manifest.lock */,
				83BE4CF023C675930028AEC4 /* Sources */,
				83BE4CF123C675930028AEC4 /* Frameworks */,
				83BE4CF223C675930028AEC4 /* Resources */,
				E57B87E1BB85845727917A0B /* [CP] Embed Pods Frameworks */,
			);
			buildRules = (
			);
			dependencies = (
			);
			name = Grapevine;
			productName = Grapevine;
			productReference = 83BE4CF423C675930028AEC4 /* Grapevine.app */;
			productType = "com.apple.product-type.application";
		};
/* End PBXNativeTarget section */

/* Begin PBXProject section */
		83BE4CEC23C675930028AEC4 /* Project object */ = {
			isa = PBXProject;
			attributes = {
				LastSwiftUpdateCheck = 1130;
				LastUpgradeCheck = 1130;
				ORGANIZATIONNAME = Grapevine;
				TargetAttributes = {
					83BE4CF323C675930028AEC4 = {
						CreatedOnToolsVersion = 11.3;
					};
				};
			};
			buildConfigurationList = 83BE4CEF23C675930028AEC4 /* Build configuration list for PBXProject "Grapevine" */;
			compatibilityVersion = "Xcode 9.3";
			developmentRegion = en;
			hasScannedForEncodings = 0;
			knownRegions = (
				en,
				Base,
			);
			mainGroup = 83BE4CEB23C675930028AEC4;
			productRefGroup = 83BE4CF523C675930028AEC4 /* Products */;
			projectDirPath = "";
			projectRoot = "";
			targets = (
				83BE4CF323C675930028AEC4 /* Grapevine */,
			);
		};
/* End PBXProject section */

/* Begin PBXResourcesBuildPhase section */
		83BE4CF223C675930028AEC4 /* Resources */ = {
			isa = PBXResourcesBuildPhase;
			buildActionMask = 2147483647;
			files = (
				83BE4D0423C675940028AEC4 /* LaunchScreen.storyboard in Resources */,
				83BE4D0123C675940028AEC4 /* Assets.xcassets in Resources */,
				8640F56623C7FB1900D29F80 /* GoogleService-Info.plist in Resources */,
				83BE4CFF23C675930028AEC4 /* Main.storyboard in Resources */,
				8640F56423C69C8A00D29F80 /* PostTableViewCell.xib in Resources */,
			);
			runOnlyForDeploymentPostprocessing = 0;
		};
/* End PBXResourcesBuildPhase section */

/* Begin PBXShellScriptBuildPhase section */
		7722A339A51F2DE32B3B5252 /* [CP] Check Pods Manifest.lock */ = {
			isa = PBXShellScriptBuildPhase;
			buildActionMask = 2147483647;
			files = (
			);
			inputFileListPaths = (
			);
			inputPaths = (
				"${PODS_PODFILE_DIR_PATH}/Podfile.lock",
				"${PODS_ROOT}/Manifest.lock",
			);
			name = "[CP] Check Pods Manifest.lock";
			outputFileListPaths = (
			);
			outputPaths = (
				"$(DERIVED_FILE_DIR)/Pods-Grapevine-checkManifestLockResult.txt",
			);
			runOnlyForDeploymentPostprocessing = 0;
			shellPath = /bin/sh;
			shellScript = "diff \"${PODS_PODFILE_DIR_PATH}/Podfile.lock\" \"${PODS_ROOT}/Manifest.lock\" > /dev/null\nif [ $? != 0 ] ; then\n    # print error to STDERR\n    echo \"error: The sandbox is not in sync with the Podfile.lock. Run 'pod install' or update your CocoaPods installation.\" >&2\n    exit 1\nfi\n# This output is used by Xcode 'outputs' to avoid re-running this script phase.\necho \"SUCCESS\" > \"${SCRIPT_OUTPUT_FILE_0}\"\n";
			showEnvVarsInLog = 0;
		};
		E57B87E1BB85845727917A0B /* [CP] Embed Pods Frameworks */ = {
			isa = PBXShellScriptBuildPhase;
			buildActionMask = 2147483647;
			files = (
			);
			inputFileListPaths = (
				"${PODS_ROOT}/Target Support Files/Pods-Grapevine/Pods-Grapevine-frameworks-${CONFIGURATION}-input-files.xcfilelist",
			);
			name = "[CP] Embed Pods Frameworks";
			outputFileListPaths = (
				"${PODS_ROOT}/Target Support Files/Pods-Grapevine/Pods-Grapevine-frameworks-${CONFIGURATION}-output-files.xcfilelist",
			);
			runOnlyForDeploymentPostprocessing = 0;
			shellPath = /bin/sh;
			shellScript = "\"${PODS_ROOT}/Target Support Files/Pods-Grapevine/Pods-Grapevine-frameworks.sh\"\n";
			showEnvVarsInLog = 0;
		};
/* End PBXShellScriptBuildPhase section */

/* Begin PBXSourcesBuildPhase section */
		83BE4CF023C675930028AEC4 /* Sources */ = {
			isa = PBXSourcesBuildPhase;
			buildActionMask = 2147483647;
			files = (
				8640F55C23C695DB00D29F80 /* Constants.swift in Sources */,
				83BE4CFC23C675930028AEC4 /* ViewController.swift in Sources */,
				83BE4CF823C675930028AEC4 /* AppDelegate.swift in Sources */,
				8640F56923C8014B00D29F80 /* Comment.swift in Sources */,
				8640F56B23C801BF00D29F80 /* User.swift in Sources */,
				8640F56F23CD6A8F00D29F80 /* NewPostViewController.swift in Sources */,
				83BE4CFA23C675930028AEC4 /* SceneDelegate.swift in Sources */,
				8640F55A23C6907400D29F80 /* Post.swift in Sources */,
				8640F56323C69C8A00D29F80 /* PostTableViewCell.swift in Sources */,
			);
			runOnlyForDeploymentPostprocessing = 0;
		};
/* End PBXSourcesBuildPhase section */

/* Begin PBXVariantGroup section */
		83BE4CFD23C675930028AEC4 /* Main.storyboard */ = {
			isa = PBXVariantGroup;
			children = (
				83BE4CFE23C675930028AEC4 /* Base */,
			);
			name = Main.storyboard;
			sourceTree = "<group>";
		};
		83BE4D0223C675940028AEC4 /* LaunchScreen.storyboard */ = {
			isa = PBXVariantGroup;
			children = (
				83BE4D0323C675940028AEC4 /* Base */,
			);
			name = LaunchScreen.storyboard;
			sourceTree = "<group>";
		};
/* End PBXVariantGroup section */

/* Begin XCBuildConfiguration section */
		83BE4D0623C675940028AEC4 /* Debug */ = {
			isa = XCBuildConfiguration;
			buildSettings = {
				ALWAYS_SEARCH_USER_PATHS = NO;
				CLANG_ANALYZER_NONNULL = YES;
				CLANG_ANALYZER_NUMBER_OBJECT_CONVERSION = YES_AGGRESSIVE;
				CLANG_CXX_LANGUAGE_STANDARD = "gnu++14";
				CLANG_CXX_LIBRARY = "libc++";
				CLANG_ENABLE_MODULES = YES;
				CLANG_ENABLE_OBJC_ARC = YES;
				CLANG_ENABLE_OBJC_WEAK = YES;
				CLANG_WARN_BLOCK_CAPTURE_AUTORELEASING = YES;
				CLANG_WARN_BOOL_CONVERSION = YES;
				CLANG_WARN_COMMA = YES;
				CLANG_WARN_CONSTANT_CONVERSION = YES;
				CLANG_WARN_DEPRECATED_OBJC_IMPLEMENTATIONS = YES;
				CLANG_WARN_DIRECT_OBJC_ISA_USAGE = YES_ERROR;
				CLANG_WARN_DOCUMENTATION_COMMENTS = YES;
				CLANG_WARN_EMPTY_BODY = YES;
				CLANG_WARN_ENUM_CONVERSION = YES;
				CLANG_WARN_INFINITE_RECURSION = YES;
				CLANG_WARN_INT_CONVERSION = YES;
				CLANG_WARN_NON_LITERAL_NULL_CONVERSION = YES;
				CLANG_WARN_OBJC_IMPLICIT_RETAIN_SELF = YES;
				CLANG_WARN_OBJC_LITERAL_CONVERSION = YES;
				CLANG_WARN_OBJC_ROOT_CLASS = YES_ERROR;
				CLANG_WARN_RANGE_LOOP_ANALYSIS = YES;
				CLANG_WARN_STRICT_PROTOTYPES = YES;
				CLANG_WARN_SUSPICIOUS_MOVE = YES;
				CLANG_WARN_UNGUARDED_AVAILABILITY = YES_AGGRESSIVE;
				CLANG_WARN_UNREACHABLE_CODE = YES;
				CLANG_WARN__DUPLICATE_METHOD_MATCH = YES;
				COPY_PHASE_STRIP = NO;
				DEBUG_INFORMATION_FORMAT = dwarf;
				ENABLE_STRICT_OBJC_MSGSEND = YES;
				ENABLE_TESTABILITY = YES;
				GCC_C_LANGUAGE_STANDARD = gnu11;
				GCC_DYNAMIC_NO_PIC = NO;
				GCC_NO_COMMON_BLOCKS = YES;
				GCC_OPTIMIZATION_LEVEL = 0;
				GCC_PREPROCESSOR_DEFINITIONS = (
					"DEBUG=1",
					"$(inherited)",
				);
				GCC_WARN_64_TO_32_BIT_CONVERSION = YES;
				GCC_WARN_ABOUT_RETURN_TYPE = YES_ERROR;
				GCC_WARN_UNDECLARED_SELECTOR = YES;
				GCC_WARN_UNINITIALIZED_AUTOS = YES_AGGRESSIVE;
				GCC_WARN_UNUSED_FUNCTION = YES;
				GCC_WARN_UNUSED_VARIABLE = YES;
				IPHONEOS_DEPLOYMENT_TARGET = 13.2;
				MTL_ENABLE_DEBUG_INFO = INCLUDE_SOURCE;
				MTL_FAST_MATH = YES;
				ONLY_ACTIVE_ARCH = YES;
				SDKROOT = iphoneos;
				SWIFT_ACTIVE_COMPILATION_CONDITIONS = DEBUG;
				SWIFT_OPTIMIZATION_LEVEL = "-Onone";
			};
			name = Debug;
		};
		83BE4D0723C675940028AEC4 /* Release */ = {
			isa = XCBuildConfiguration;
			buildSettings = {
				ALWAYS_SEARCH_USER_PATHS = NO;
				CLANG_ANALYZER_NONNULL = YES;
				CLANG_ANALYZER_NUMBER_OBJECT_CONVERSION = YES_AGGRESSIVE;
				CLANG_CXX_LANGUAGE_STANDARD = "gnu++14";
				CLANG_CXX_LIBRARY = "libc++";
				CLANG_ENABLE_MODULES = YES;
				CLANG_ENABLE_OBJC_ARC = YES;
				CLANG_ENABLE_OBJC_WEAK = YES;
				CLANG_WARN_BLOCK_CAPTURE_AUTORELEASING = YES;
				CLANG_WARN_BOOL_CONVERSION = YES;
				CLANG_WARN_COMMA = YES;
				CLANG_WARN_CONSTANT_CONVERSION = YES;
				CLANG_WARN_DEPRECATED_OBJC_IMPLEMENTATIONS = YES;
				CLANG_WARN_DIRECT_OBJC_ISA_USAGE = YES_ERROR;
				CLANG_WARN_DOCUMENTATION_COMMENTS = YES;
				CLANG_WARN_EMPTY_BODY = YES;
				CLANG_WARN_ENUM_CONVERSION = YES;
				CLANG_WARN_INFINITE_RECURSION = YES;
				CLANG_WARN_INT_CONVERSION = YES;
				CLANG_WARN_NON_LITERAL_NULL_CONVERSION = YES;
				CLANG_WARN_OBJC_IMPLICIT_RETAIN_SELF = YES;
				CLANG_WARN_OBJC_LITERAL_CONVERSION = YES;
				CLANG_WARN_OBJC_ROOT_CLASS = YES_ERROR;
				CLANG_WARN_RANGE_LOOP_ANALYSIS = YES;
				CLANG_WARN_STRICT_PROTOTYPES = YES;
				CLANG_WARN_SUSPICIOUS_MOVE = YES;
				CLANG_WARN_UNGUARDED_AVAILABILITY = YES_AGGRESSIVE;
				CLANG_WARN_UNREACHABLE_CODE = YES;
				CLANG_WARN__DUPLICATE_METHOD_MATCH = YES;
				COPY_PHASE_STRIP = NO;
				DEBUG_INFORMATION_FORMAT = "dwarf-with-dsym";
				ENABLE_NS_ASSERTIONS = NO;
				ENABLE_STRICT_OBJC_MSGSEND = YES;
				GCC_C_LANGUAGE_STANDARD = gnu11;
				GCC_NO_COMMON_BLOCKS = YES;
				GCC_WARN_64_TO_32_BIT_CONVERSION = YES;
				GCC_WARN_ABOUT_RETURN_TYPE = YES_ERROR;
				GCC_WARN_UNDECLARED_SELECTOR = YES;
				GCC_WARN_UNINITIALIZED_AUTOS = YES_AGGRESSIVE;
				GCC_WARN_UNUSED_FUNCTION = YES;
				GCC_WARN_UNUSED_VARIABLE = YES;
				IPHONEOS_DEPLOYMENT_TARGET = 13.2;
				MTL_ENABLE_DEBUG_INFO = NO;
				MTL_FAST_MATH = YES;
				SDKROOT = iphoneos;
				SWIFT_COMPILATION_MODE = wholemodule;
				SWIFT_OPTIMIZATION_LEVEL = "-O";
				VALIDATE_PRODUCT = YES;
			};
			name = Release;
		};
		83BE4D0923C675940028AEC4 /* Debug */ = {
			isa = XCBuildConfiguration;
			baseConfigurationReference = 5E9B5D6A5AF097709D744802 /* Pods-Grapevine.debug.xcconfig */;
			buildSettings = {
				ASSETCATALOG_COMPILER_APPICON_NAME = AppIcon;
				CODE_SIGN_STYLE = Automatic;
				DEVELOPMENT_TEAM = 75V6QRRPC3;
				INFOPLIST_FILE = Grapevine/Info.plist;
				IPHONEOS_DEPLOYMENT_TARGET = 13.1;
				LD_RUNPATH_SEARCH_PATHS = (
					"$(inherited)",
					"@executable_path/Frameworks",
				);
				PRODUCT_BUNDLE_IDENTIFIER = io.grapevineapp.Grapevine;
				PRODUCT_NAME = "$(TARGET_NAME)";
				SWIFT_VERSION = 5.0;
				TARGETED_DEVICE_FAMILY = "1,2";
			};
			name = Debug;
		};
		83BE4D0A23C675940028AEC4 /* Release */ = {
			isa = XCBuildConfiguration;
			baseConfigurationReference = A751E2D35BA2EA99A03B3679 /* Pods-Grapevine.release.xcconfig */;
			buildSettings = {
				ASSETCATALOG_COMPILER_APPICON_NAME = AppIcon;
				CODE_SIGN_STYLE = Automatic;
				DEVELOPMENT_TEAM = 75V6QRRPC3;
				INFOPLIST_FILE = Grapevine/Info.plist;
				IPHONEOS_DEPLOYMENT_TARGET = 13.1;
				LD_RUNPATH_SEARCH_PATHS = (
					"$(inherited)",
					"@executable_path/Frameworks",
				);
				PRODUCT_BUNDLE_IDENTIFIER = io.grapevineapp.Grapevine;
				PRODUCT_NAME = "$(TARGET_NAME)";
				SWIFT_VERSION = 5.0;
				TARGETED_DEVICE_FAMILY = "1,2";
			};
			name = Release;
		};
/* End XCBuildConfiguration section */

/* Begin XCConfigurationList section */
		83BE4CEF23C675930028AEC4 /* Build configuration list for PBXProject "Grapevine" */ = {
			isa = XCConfigurationList;
			buildConfigurations = (
				83BE4D0623C675940028AEC4 /* Debug */,
				83BE4D0723C675940028AEC4 /* Release */,
			);
			defaultConfigurationIsVisible = 0;
			defaultConfigurationName = Release;
		};
		83BE4D0823C675940028AEC4 /* Build configuration list for PBXNativeTarget "Grapevine" */ = {
			isa = XCConfigurationList;
			buildConfigurations = (
				83BE4D0923C675940028AEC4 /* Debug */,
				83BE4D0A23C675940028AEC4 /* Release */,
			);
			defaultConfigurationIsVisible = 0;
			defaultConfigurationName = Release;
		};
/* End XCConfigurationList section */
	};
	rootObject = 83BE4CEC23C675930028AEC4 /* Project object */;
}
